
Microsoft Visual Studio Solution File, Format Version 12.00
# Visual Studio Version 16
VisualStudioVersion = 16.0.30225.117
MinimumVisualStudioVersion = 10.0.40219.1
Project("{FAE04EC0-301F-11D3-BF4B-00C04F79EFBC}") = "EMS.Core", "EMS.Core.csproj", "{99939004-AC0C-4DF2-ADA9-F5BE9CF20516}"
EndProject
Global
	GlobalSection(SolutionConfigurationPlatforms) = preSolution
		Debug|Any CPU = Debug|Any CPU
		Release|Any CPU = Release|Any CPU
	EndGlobalSection
	GlobalSection(ProjectConfigurationPlatforms) = postSolution
		{99939004-AC0C-4DF2-ADA9-F5BE9CF20516}.Debug|Any CPU.ActiveCfg = Debug|Any CPU
		{99939004-AC0C-4DF2-ADA9-F5BE9CF20516}.Debug|Any CPU.Build.0 = Debug|Any CPU
		{99939004-AC0C-4DF2-ADA9-F5BE9CF20516}.Release|Any CPU.ActiveCfg = Release|Any CPU
		{99939004-AC0C-4DF2-ADA9-F5BE9CF20516}.Release|Any CPU.Build.0 = Release|Any CPU
	EndGlobalSection
	GlobalSection(SolutionProperties) = preSolution
		HideSolutionNode = FALSE
	EndGlobalSection
	GlobalSection(ExtensibilityGlobals) = postSolution
		SolutionGuid = {956880E3-51D7-472E-BB62-B6DFAF127630}
	EndGlobalSection
EndGlobal
